
Microsoft Visual Studio Solution File, Format Version 12.00
Project("{FAE04EC0-301F-11D3-BF4B-00C04F79EFBC}") = "InMemoryCache-Redis-Demo", "InMemoryCache-Redis-Demo\InMemoryCache-Redis-Demo.csproj", "{83373F80-BA42-4C3D-8328-7678565028D5}"
EndProject
Global
	GlobalSection(SolutionConfigurationPlatforms) = preSolution
		Debug|Any CPU = Debug|Any CPU
		Release|Any CPU = Release|Any CPU
	EndGlobalSection
	GlobalSection(ProjectConfigurationPlatforms) = postSolution
		{83373F80-BA42-4C3D-8328-7678565028D5}.Debug|Any CPU.ActiveCfg = Debug|Any CPU
		{83373F80-BA42-4C3D-8328-7678565028D5}.Debug|Any CPU.Build.0 = Debug|Any CPU
		{83373F80-BA42-4C3D-8328-7678565028D5}.Release|Any CPU.ActiveCfg = Release|Any CPU
		{83373F80-BA42-4C3D-8328-7678565028D5}.Release|Any CPU.Build.0 = Release|Any CPU
	EndGlobalSection
EndGlobal
